
Microsoft Visual Studio Solution File, Format Version 12.00
# Visual Studio Version 17
VisualStudioVersion = 17.5.33516.290
MinimumVisualStudioVersion = 10.0.40219.1
Project("{FAE04EC0-301F-11D3-BF4B-00C04F79EFBC}") = "Xadrez - console", "Xadrez - console\Xadrez - console.csproj", "{583E174F-3DF2-4E3C-A621-9F7AECBE1996}"
EndProject
Global
	GlobalSection(SolutionConfigurationPlatforms) = preSolution
		Debug|Any CPU = Debug|Any CPU
		Release|Any CPU = Release|Any CPU
	EndGlobalSection
	GlobalSection(ProjectConfigurationPlatforms) = postSolution
		{583E174F-3DF2-4E3C-A621-9F7AECBE1996}.Debug|Any CPU.ActiveCfg = Debug|Any CPU
		{583E174F-3DF2-4E3C-A621-9F7AECBE1996}.Debug|Any CPU.Build.0 = Debug|Any CPU
		{583E174F-3DF2-4E3C-A621-9F7AECBE1996}.Release|Any CPU.ActiveCfg = Release|Any CPU
		{583E174F-3DF2-4E3C-A621-9F7AECBE1996}.Release|Any CPU.Build.0 = Release|Any CPU
	EndGlobalSection
	GlobalSection(SolutionProperties) = preSolution
		HideSolutionNode = FALSE
	EndGlobalSection
	GlobalSection(ExtensibilityGlobals) = postSolution
		SolutionGuid = {C17428AF-BAD6-483E-AA22-15FB560E6D5E}
	EndGlobalSection
EndGlobal
